// !$*UTF8*$!
{
	archiveVersion = 1;
	classes = {
	};
	objectVersion = 46;
	objects = {

/* Begin PBXBuildFile section */
		A8E2B18A541CB36EAF729D15 /* TrackSegment.m in Sources */ = {isa = PBXBuildFile; fileRef = A8E2BABFD8B33F61434E62F6 /* TrackSegment.m */; };
		A8E2B599A5DF1905CFAD95E7 /* Track.m in Sources */ = {isa = PBXBuildFile; fileRef = A8E2BCE4BFFDA02E0DDAB2C0 /* Track.m */; };
		A8E2B64F6250066A45349B5D /* GDataXMLNode.m in Sources */ = {isa = PBXBuildFile; fileRef = A8E2BC072A58495E14E83251 /* GDataXMLNode.m */; settings = {COMPILER_FLAGS = "-fno-objc-arc"; }; };
		A8E2B7B1E139FFF07DAB4962 /* TrackPoint.m in Sources */ = {isa = PBXBuildFile; fileRef = A8E2BE132ABF4EC6BF70FAB4 /* TrackPoint.m */; };
		A8E2B7E2058C19D9B79B96DF /* GPXSchema.m in Sources */ = {isa = PBXBuildFile; fileRef = A8E2B542CBF184E3B1663AD7 /* GPXSchema.m */; };
		A8E2BE65D54CD8F2BD16496D /* GPXParser.m in Sources */ = {isa = PBXBuildFile; fileRef = A8E2B25734A9D0D1FA0AB4BC /* GPXParser.m */; };
		D4CC64011A1256C100D13B58 /* MapKit.framework in Frameworks */ = {isa = PBXBuildFile; fileRef = D4CC64001A1256C100D13B58 /* MapKit.framework */; };
		D4D40DB8199FBED90060F812 /* main.m in Sources */ = {isa = PBXBuildFile; fileRef = D4D40DB7199FBED90060F812 /* main.m */; };
		D4D40DBB199FBED90060F812 /* ViewController.m in Sources */ = {isa = PBXBuildFile; fileRef = D4D40DBA199FBED90060F812 /* ViewController.m */; };
		D4D40DBE199FBED90060F812 /* AppDelegate.m in Sources */ = {isa = PBXBuildFile; fileRef = D4D40DBD199FBED90060F812 /* AppDelegate.m */; };
		D4D40DC0199FBED90060F812 /* Images.xcassets in Resources */ = {isa = PBXBuildFile; fileRef = D4D40DBF199FBED90060F812 /* Images.xcassets */; };
		D4D40DC3199FBED90060F812 /* Main.storyboard in Resources */ = {isa = PBXBuildFile; fileRef = D4D40DC1199FBED90060F812 /* Main.storyboard */; };
		D4D40DCF199FBED90060F812 /* gpx_parserTests.m in Sources */ = {isa = PBXBuildFile; fileRef = D4D40DCE199FBED90060F812 /* gpx_parserTests.m */; };
		D4D40DF2199FC7800060F812 /* libxml2.dylib in Frameworks */ = {isa = PBXBuildFile; fileRef = D4D40DF1199FC7800060F812 /* libxml2.dylib */; };
/* End PBXBuildFile section */

/* Begin PBXContainerItemProxy section */
		D4D40DC9199FBED90060F812 /* PBXContainerItemProxy */ = {
			isa = PBXContainerItemProxy;
			containerPortal = D4D40DAA199FBED90060F812 /* Project object */;
			proxyType = 1;
			remoteGlobalIDString = D4D40DB1199FBED90060F812;
			remoteInfo = "gpx-parser";
		};
/* End PBXContainerItemProxy section */

/* Begin PBXFileReference section */
		A8E2B25734A9D0D1FA0AB4BC /* GPXParser.m */ = {isa = PBXFileReference; fileEncoding = 4; lastKnownFileType = sourcecode.c.objc; path = GPXParser.m; sourceTree = "<group>"; };
		A8E2B2E2F56F2A2FB727B403 /* TrackSegment.h */ = {isa = PBXFileReference; fileEncoding = 4; lastKnownFileType = sourcecode.c.h; path = TrackSegment.h; sourceTree = "<group>"; };
		A8E2B4751DA217EB26779B59 /* Track.h */ = {isa = PBXFileReference; fileEncoding = 4; lastKnownFileType = sourcecode.c.h; path = Track.h; sourceTree = "<group>"; };
		A8E2B542CBF184E3B1663AD7 /* GPXSchema.m */ = {isa = PBXFileReference; fileEncoding = 4; lastKnownFileType = sourcecode.c.objc; path = GPXSchema.m; sourceTree = "<group>"; };
		A8E2B6843B8988CFC99B4E0A /* GPXLog.h */ = {isa = PBXFileReference; fileEncoding = 4; lastKnownFileType = sourcecode.c.h; path = GPXLog.h; sourceTree = "<group>"; };
		A8E2BABFD8B33F61434E62F6 /* TrackSegment.m */ = {isa = PBXFileReference; fileEncoding = 4; lastKnownFileType = sourcecode.c.objc; path = TrackSegment.m; sourceTree = "<group>"; };
		A8E2BB7059F6E328EEBEC8AD /* GDataXMLNode.h */ = {isa = PBXFileReference; fileEncoding = 4; lastKnownFileType = sourcecode.c.h; path = GDataXMLNode.h; sourceTree = "<group>"; };
		A8E2BC072A58495E14E83251 /* GDataXMLNode.m */ = {isa = PBXFileReference; fileEncoding = 4; lastKnownFileType = sourcecode.c.objc; path = GDataXMLNode.m; sourceTree = "<group>"; };
		A8E2BCE4BFFDA02E0DDAB2C0 /* Track.m */ = {isa = PBXFileReference; fileEncoding = 4; lastKnownFileType = sourcecode.c.objc; path = Track.m; sourceTree = "<group>"; };
		A8E2BD449F54BBFD8CB35270 /* TrackPoint.h */ = {isa = PBXFileReference; fileEncoding = 4; lastKnownFileType = sourcecode.c.h; path = TrackPoint.h; sourceTree = "<group>"; };
		A8E2BE132ABF4EC6BF70FAB4 /* TrackPoint.m */ = {isa = PBXFileReference; fileEncoding = 4; lastKnownFileType = sourcecode.c.objc; path = TrackPoint.m; sourceTree = "<group>"; };
		A8E2BE95141E6CC5B7100A54 /* GPXSchema.h */ = {isa = PBXFileReference; fileEncoding = 4; lastKnownFileType = sourcecode.c.h; path = GPXSchema.h; sourceTree = "<group>"; };
		A8E2BF4DBD297711093289C9 /* GPXParser.h */ = {isa = PBXFileReference; fileEncoding = 4; lastKnownFileType = sourcecode.c.h; path = GPXParser.h; sourceTree = "<group>"; };
		D4CC64001A1256C100D13B58 /* MapKit.framework */ = {isa = PBXFileReference; lastKnownFileType = wrapper.framework; name = MapKit.framework; path = System/Library/Frameworks/MapKit.framework; sourceTree = SDKROOT; };
		D4D40DB2199FBED90060F812 /* gpx-parser.app */ = {isa = PBXFileReference; explicitFileType = wrapper.application; includeInIndex = 0; path = "gpx-parser.app"; sourceTree = BUILT_PRODUCTS_DIR; };
		D4D40DB6199FBED90060F812 /* Info.plist */ = {isa = PBXFileReference; lastKnownFileType = text.plist.xml; path = Info.plist; sourceTree = "<group>"; };
		D4D40DB7199FBED90060F812 /* main.m */ = {isa = PBXFileReference; lastKnownFileType = sourcecode.c.objc; path = main.m; sourceTree = "<group>"; };
		D4D40DB9199FBED90060F812 /* ViewController.h */ = {isa = PBXFileReference; lastKnownFileType = sourcecode.c.h; path = ViewController.h; sourceTree = "<group>"; };
		D4D40DBA199FBED90060F812 /* ViewController.m */ = {isa = PBXFileReference; lastKnownFileType = sourcecode.c.objc; path = ViewController.m; sourceTree = "<group>"; };
		D4D40DBC199FBED90060F812 /* AppDelegate.h */ = {isa = PBXFileReference; lastKnownFileType = sourcecode.c.h; path = AppDelegate.h; sourceTree = "<group>"; };
		D4D40DBD199FBED90060F812 /* AppDelegate.m */ = {isa = PBXFileReference; lastKnownFileType = sourcecode.c.objc; path = AppDelegate.m; sourceTree = "<group>"; };
		D4D40DBF199FBED90060F812 /* Images.xcassets */ = {isa = PBXFileReference; lastKnownFileType = folder.assetcatalog; path = Images.xcassets; sourceTree = "<group>"; };
		D4D40DC2199FBED90060F812 /* Base */ = {isa = PBXFileReference; lastKnownFileType = file.storyboard; name = Base; path = Base.lproj/Main.storyboard; sourceTree = "<group>"; };
		D4D40DC8199FBED90060F812 /* gpx-parserTests.xctest */ = {isa = PBXFileReference; explicitFileType = wrapper.cfbundle; includeInIndex = 0; path = "gpx-parserTests.xctest"; sourceTree = BUILT_PRODUCTS_DIR; };
		D4D40DCD199FBED90060F812 /* Info.plist */ = {isa = PBXFileReference; lastKnownFileType = text.plist.xml; path = Info.plist; sourceTree = "<group>"; };
		D4D40DCE199FBED90060F812 /* gpx_parserTests.m */ = {isa = PBXFileReference; lastKnownFileType = sourcecode.c.objc; path = gpx_parserTests.m; sourceTree = "<group>"; };
		D4D40DF1199FC7800060F812 /* libxml2.dylib */ = {isa = PBXFileReference; lastKnownFileType = "compiled.mach-o.dylib"; name = libxml2.dylib; path = usr/lib/libxml2.dylib; sourceTree = SDKROOT; };
/* End PBXFileReference section */

/* Begin PBXFrameworksBuildPhase section */
		D4D40DAF199FBED90060F812 /* Frameworks */ = {
			isa = PBXFrameworksBuildPhase;
			buildActionMask = 2147483647;
			files = (
				D4CC64011A1256C100D13B58 /* MapKit.framework in Frameworks */,
				D4D40DF2199FC7800060F812 /* libxml2.dylib in Frameworks */,
			);
			runOnlyForDeploymentPostprocessing = 0;
		};
		D4D40DC5199FBED90060F812 /* Frameworks */ = {
			isa = PBXFrameworksBuildPhase;
			buildActionMask = 2147483647;
			files = (
			);
			runOnlyForDeploymentPostprocessing = 0;
		};
/* End PBXFrameworksBuildPhase section */

/* Begin PBXGroup section */
		A8E2BC4D6447C35406A68054 /* GDataXML */ = {
			isa = PBXGroup;
			children = (
				A8E2B25734A9D0D1FA0AB4BC /* GPXParser.m */,
				A8E2BF4DBD297711093289C9 /* GPXParser.h */,
				A8E2BC072A58495E14E83251 /* GDataXMLNode.m */,
				A8E2BB7059F6E328EEBEC8AD /* GDataXMLNode.h */,
			);
			name = GDataXML;
			sourceTree = "<group>";
		};
		D4D40DA9199FBED90060F812 = {
			isa = PBXGroup;
			children = (
				D4CC64001A1256C100D13B58 /* MapKit.framework */,
				D4D40DF1199FC7800060F812 /* libxml2.dylib */,
				D4D40DB4199FBED90060F812 /* gpx-parser */,
				D4D40DCB199FBED90060F812 /* gpx-parserTests */,
				D4D40DB3199FBED90060F812 /* Products */,
			);
			sourceTree = "<group>";
		};
		D4D40DB3199FBED90060F812 /* Products */ = {
			isa = PBXGroup;
			children = (
				D4D40DB2199FBED90060F812 /* gpx-parser.app */,
				D4D40DC8199FBED90060F812 /* gpx-parserTests.xctest */,
			);
			name = Products;
			sourceTree = "<group>";
		};
		D4D40DB4199FBED90060F812 /* gpx-parser */ = {
			isa = PBXGroup;
			children = (
				D4D40DEA199FC1730060F812 /* gpx-parser-function */,
				D4D40DB9199FBED90060F812 /* ViewController.h */,
				D4D40DBA199FBED90060F812 /* ViewController.m */,
				D4D40DBC199FBED90060F812 /* AppDelegate.h */,
				D4D40DBD199FBED90060F812 /* AppDelegate.m */,
				D4D40DBF199FBED90060F812 /* Images.xcassets */,
				D4D40DC1199FBED90060F812 /* Main.storyboard */,
				D4D40DB5199FBED90060F812 /* Supporting Files */,
			);
			path = "gpx-parser";
			sourceTree = "<group>";
		};
		D4D40DB5199FBED90060F812 /* Supporting Files */ = {
			isa = PBXGroup;
			children = (
				D4D40DB6199FBED90060F812 /* Info.plist */,
				D4D40DB7199FBED90060F812 /* main.m */,
			);
			name = "Supporting Files";
			sourceTree = "<group>";
		};
		D4D40DCB199FBED90060F812 /* gpx-parserTests */ = {
			isa = PBXGroup;
			children = (
				D4D40DCE199FBED90060F812 /* gpx_parserTests.m */,
				D4D40DCC199FBED90060F812 /* Supporting Files */,
			);
			path = "gpx-parserTests";
			sourceTree = "<group>";
		};
		D4D40DCC199FBED90060F812 /* Supporting Files */ = {
			isa = PBXGroup;
			children = (
				D4D40DCD199FBED90060F812 /* Info.plist */,
			);
			name = "Supporting Files";
			sourceTree = "<group>";
		};
		D4D40DEA199FC1730060F812 /* gpx-parser-function */ = {
			isa = PBXGroup;
			children = (
				A8E2BC4D6447C35406A68054 /* GDataXML */,
				A8E2B542CBF184E3B1663AD7 /* GPXSchema.m */,
				A8E2BE95141E6CC5B7100A54 /* GPXSchema.h */,
				A8E2B6843B8988CFC99B4E0A /* GPXLog.h */,
				A8E2BE132ABF4EC6BF70FAB4 /* TrackPoint.m */,
				A8E2BD449F54BBFD8CB35270 /* TrackPoint.h */,
				A8E2BCE4BFFDA02E0DDAB2C0 /* Track.m */,
				A8E2B4751DA217EB26779B59 /* Track.h */,
				A8E2BABFD8B33F61434E62F6 /* TrackSegment.m */,
				A8E2B2E2F56F2A2FB727B403 /* TrackSegment.h */,
			);
			path = "gpx-parser-function";
			sourceTree = "<group>";
		};
/* End PBXGroup section */

/* Begin PBXNativeTarget section */
		D4D40DB1199FBED90060F812 /* gpx-parser */ = {
			isa = PBXNativeTarget;
			buildConfigurationList = D4D40DD2199FBED90060F812 /* Build configuration list for PBXNativeTarget "gpx-parser" */;
			buildPhases = (
				D4D40DAE199FBED90060F812 /* Sources */,
				D4D40DAF199FBED90060F812 /* Frameworks */,
				D4D40DB0199FBED90060F812 /* Resources */,
			);
			buildRules = (
			);
			dependencies = (
			);
			name = "gpx-parser";
			productName = "gpx-parser";
			productReference = D4D40DB2199FBED90060F812 /* gpx-parser.app */;
			productType = "com.apple.product-type.application";
		};
		D4D40DC7199FBED90060F812 /* gpx-parserTests */ = {
			isa = PBXNativeTarget;
			buildConfigurationList = D4D40DD5199FBED90060F812 /* Build configuration list for PBXNativeTarget "gpx-parserTests" */;
			buildPhases = (
				D4D40DC4199FBED90060F812 /* Sources */,
				D4D40DC5199FBED90060F812 /* Frameworks */,
				D4D40DC6199FBED90060F812 /* Resources */,
			);
			buildRules = (
			);
			dependencies = (
				D4D40DCA199FBED90060F812 /* PBXTargetDependency */,
			);
			name = "gpx-parserTests";
			productName = "gpx-parserTests";
			productReference = D4D40DC8199FBED90060F812 /* gpx-parserTests.xctest */;
			productType = "com.apple.product-type.bundle.unit-test";
		};
/* End PBXNativeTarget section */

/* Begin PBXProject section */
		D4D40DAA199FBED90060F812 /* Project object */ = {
			isa = PBXProject;
			attributes = {
				LastUpgradeCheck = 0600;
				ORGANIZATIONNAME = zhangchao;
				TargetAttributes = {
					D4D40DB1199FBED90060F812 = {
						CreatedOnToolsVersion = 6.0;
					};
					D4D40DC7199FBED90060F812 = {
						CreatedOnToolsVersion = 6.0;
						TestTargetID = D4D40DB1199FBED90060F812;
					};
				};
			};
			buildConfigurationList = D4D40DAD199FBED90060F812 /* Build configuration list for PBXProject "gpx-parser" */;
			compatibilityVersion = "Xcode 3.2";
			developmentRegion = English;
			hasScannedForEncodings = 0;
			knownRegions = (
				en,
				Base,
			);
			mainGroup = D4D40DA9199FBED90060F812;
			productRefGroup = D4D40DB3199FBED90060F812 /* Products */;
			projectDirPath = "";
			projectRoot = "";
			targets = (
				D4D40DB1199FBED90060F812 /* gpx-parser */,
				D4D40DC7199FBED90060F812 /* gpx-parserTests */,
			);
		};
/* End PBXProject section */

/* Begin PBXResourcesBuildPhase section */
		D4D40DB0199FBED90060F812 /* Resources */ = {
			isa = PBXResourcesBuildPhase;
			buildActionMask = 2147483647;
			files = (
				D4D40DC0199FBED90060F812 /* Images.xcassets in Resources */,
				D4D40DC3199FBED90060F812 /* Main.storyboard in Resources */,
			);
			runOnlyForDeploymentPostprocessing = 0;
		};
		D4D40DC6199FBED90060F812 /* Resources */ = {
			isa = PBXResourcesBuildPhase;
			buildActionMask = 2147483647;
			files = (
			);
			runOnlyForDeploymentPostprocessing = 0;
		};
/* End PBXResourcesBuildPhase section */

/* Begin PBXSourcesBuildPhase section */
		D4D40DAE199FBED90060F812 /* Sources */ = {
			isa = PBXSourcesBuildPhase;
			buildActionMask = 2147483647;
			files = (
				D4D40DBB199FBED90060F812 /* ViewController.m in Sources */,
				D4D40DB8199FBED90060F812 /* main.m in Sources */,
				D4D40DBE199FBED90060F812 /* AppDelegate.m in Sources */,
				A8E2B7E2058C19D9B79B96DF /* GPXSchema.m in Sources */,
				A8E2B7B1E139FFF07DAB4962 /* TrackPoint.m in Sources */,
				A8E2BE65D54CD8F2BD16496D /* GPXParser.m in Sources */,
				A8E2B64F6250066A45349B5D /* GDataXMLNode.m in Sources */,
				A8E2B599A5DF1905CFAD95E7 /* Track.m in Sources */,
				A8E2B18A541CB36EAF729D15 /* TrackSegment.m in Sources */,
			);
			runOnlyForDeploymentPostprocessing = 0;
		};
		D4D40DC4199FBED90060F812 /* Sources */ = {
			isa = PBXSourcesBuildPhase;
			buildActionMask = 2147483647;
			files = (
				D4D40DCF199FBED90060F812 /* gpx_parserTests.m in Sources */,
			);
			runOnlyForDeploymentPostprocessing = 0;
		};
/* End PBXSourcesBuildPhase section */

/* Begin PBXTargetDependency section */
		D4D40DCA199FBED90060F812 /* PBXTargetDependency */ = {
			isa = PBXTargetDependency;
			target = D4D40DB1199FBED90060F812 /* gpx-parser */;
			targetProxy = D4D40DC9199FBED90060F812 /* PBXContainerItemProxy */;
		};
/* End PBXTargetDependency section */

/* Begin PBXVariantGroup section */
		D4D40DC1199FBED90060F812 /* Main.storyboard */ = {
			isa = PBXVariantGroup;
			children = (
				D4D40DC2199FBED90060F812 /* Base */,
			);
			name = Main.storyboard;
			sourceTree = "<group>";
		};
/* End PBXVariantGroup section */

/* Begin XCBuildConfiguration section */
		D4D40DD0199FBED90060F812 /* Debug */ = {
			isa = XCBuildConfiguration;
			buildSettings = {
				ALWAYS_SEARCH_USER_PATHS = NO;
				CLANG_CXX_LANGUAGE_STANDARD = "gnu++0x";
				CLANG_CXX_LIBRARY = "libc++";
				CLANG_ENABLE_MODULES = YES;
				CLANG_ENABLE_OBJC_ARC = YES;
				CLANG_WARN_BOOL_CONVERSION = YES;
				CLANG_WARN_CONSTANT_CONVERSION = YES;
				CLANG_WARN_DIRECT_OBJC_ISA_USAGE = YES_ERROR;
				CLANG_WARN_EMPTY_BODY = YES;
				CLANG_WARN_ENUM_CONVERSION = YES;
				CLANG_WARN_INT_CONVERSION = YES;
				CLANG_WARN_OBJC_ROOT_CLASS = YES_ERROR;
				CLANG_WARN_UNREACHABLE_CODE = YES;
				CLANG_WARN__DUPLICATE_METHOD_MATCH = YES;
				CODE_SIGN_IDENTITY = "-";
				COPY_PHASE_STRIP = NO;
				ENABLE_STRICT_OBJC_MSGSEND = YES;
				GCC_C_LANGUAGE_STANDARD = gnu99;
				GCC_DYNAMIC_NO_PIC = NO;
				GCC_OPTIMIZATION_LEVEL = 0;
				GCC_PREPROCESSOR_DEFINITIONS = (
					"DEBUG=1",
					"$(inherited)",
				);
				GCC_SYMBOLS_PRIVATE_EXTERN = NO;
				GCC_WARN_64_TO_32_BIT_CONVERSION = YES;
				GCC_WARN_ABOUT_RETURN_TYPE = YES_ERROR;
				GCC_WARN_UNDECLARED_SELECTOR = YES;
				GCC_WARN_UNINITIALIZED_AUTOS = YES_AGGRESSIVE;
				GCC_WARN_UNUSED_FUNCTION = YES;
				GCC_WARN_UNUSED_VARIABLE = YES;
				MACOSX_DEPLOYMENT_TARGET = 10.10;
				MTL_ENABLE_DEBUG_INFO = YES;
				ONLY_ACTIVE_ARCH = YES;
				SDKROOT = macosx;
			};
			name = Debug;
		};
		D4D40DD1199FBED90060F812 /* Release */ = {
			isa = XCBuildConfiguration;
			buildSettings = {
				ALWAYS_SEARCH_USER_PATHS = NO;
				CLANG_CXX_LANGUAGE_STANDARD = "gnu++0x";
				CLANG_CXX_LIBRARY = "libc++";
				CLANG_ENABLE_MODULES = YES;
				CLANG_ENABLE_OBJC_ARC = YES;
				CLANG_WARN_BOOL_CONVERSION = YES;
				CLANG_WARN_CONSTANT_CONVERSION = YES;
				CLANG_WARN_DIRECT_OBJC_ISA_USAGE = YES_ERROR;
				CLANG_WARN_EMPTY_BODY = YES;
				CLANG_WARN_ENUM_CONVERSION = YES;
				CLANG_WARN_INT_CONVERSION = YES;
				CLANG_WARN_OBJC_ROOT_CLASS = YES_ERROR;
				CLANG_WARN_UNREACHABLE_CODE = YES;
				CLANG_WARN__DUPLICATE_METHOD_MATCH = YES;
				CODE_SIGN_IDENTITY = "-";
				COPY_PHASE_STRIP = YES;
				DEBUG_INFORMATION_FORMAT = "dwarf-with-dsym";
				ENABLE_NS_ASSERTIONS = NO;
				ENABLE_STRICT_OBJC_MSGSEND = YES;
				GCC_C_LANGUAGE_STANDARD = gnu99;
				GCC_WARN_64_TO_32_BIT_CONVERSION = YES;
				GCC_WARN_ABOUT_RETURN_TYPE = YES_ERROR;
				GCC_WARN_UNDECLARED_SELECTOR = YES;
				GCC_WARN_UNINITIALIZED_AUTOS = YES_AGGRESSIVE;
				GCC_WARN_UNUSED_FUNCTION = YES;
				GCC_WARN_UNUSED_VARIABLE = YES;
				MACOSX_DEPLOYMENT_TARGET = 10.10;
				MTL_ENABLE_DEBUG_INFO = NO;
				SDKROOT = macosx;
			};
			name = Release;
		};
		D4D40DD3199FBED90060F812 /* Debug */ = {
			isa = XCBuildConfiguration;
			buildSettings = {
				ASSETCATALOG_COMPILER_APPICON_NAME = AppIcon;
				CLANG_ENABLE_OBJC_ARC = YES;
				CLANG_WARN_OBJC_RECEIVER_WEAK = NO;
				CLANG_WARN__ARC_BRIDGE_CAST_NONARC = YES;
				COMBINE_HIDPI_IMAGES = YES;
				GCC_PRECOMPILE_PREFIX_HEADER = YES;
				HEADER_SEARCH_PATHS = "";
				"HEADER_SEARCH_PATHS[arch=*]" = /usr/include/libxml2;
				INFOPLIST_FILE = "gpx-parser/Info.plist";
				LD_RUNPATH_SEARCH_PATHS = "$(inherited) @executable_path/../Frameworks";
				"OTHER_LDFLAGS[arch=*]" = "-lxml2";
				PRODUCT_NAME = "$(TARGET_NAME)";
			};
			name = Debug;
		};
		D4D40DD4199FBED90060F812 /* Release */ = {
			isa = XCBuildConfiguration;
			buildSettings = {
				ASSETCATALOG_COMPILER_APPICON_NAME = AppIcon;
				CLANG_ENABLE_OBJC_ARC = YES;
				CLANG_WARN_OBJC_RECEIVER_WEAK = NO;
				CLANG_WARN__ARC_BRIDGE_CAST_NONARC = YES;
				COMBINE_HIDPI_IMAGES = YES;
				GCC_PRECOMPILE_PREFIX_HEADER = NO;
				GCC_PREPROCESSOR_DEFINITIONS = "DEBUG=0";
				HEADER_SEARCH_PATHS = "";
				"HEADER_SEARCH_PATHS[arch=*]" = /usr/include/libxml2;
				INFOPLIST_FILE = "gpx-parser/Info.plist";
				LD_RUNPATH_SEARCH_PATHS = "$(inherited) @executable_path/../Frameworks";
				"OTHER_LDFLAGS[arch=*]" = "-lxml2";
				PRODUCT_NAME = "$(TARGET_NAME)";
			};
			name = Release;
		};
		D4D40DD6199FBED90060F812 /* Debug */ = {
			isa = XCBuildConfiguration;
			buildSettings = {
				BUNDLE_LOADER = "$(TEST_HOST)";
				COMBINE_HIDPI_IMAGES = YES;
				FRAMEWORK_SEARCH_PATHS = (
					"$(DEVELOPER_FRAMEWORKS_DIR)",
					"$(inherited)",
				);
				GCC_PREPROCESSOR_DEFINITIONS = (
					"DEBUG=1",
					"$(inherited)",
				);
				INFOPLIST_FILE = "gpx-parserTests/Info.plist";
				LD_RUNPATH_SEARCH_PATHS = "$(inherited) @executable_path/../Frameworks @loader_path/../Frameworks";
				PRODUCT_NAME = "$(TARGET_NAME)";
				TEST_HOST = "$(BUILT_PRODUCTS_DIR)/gpx-parser.app/Contents/MacOS/gpx-parser";
			};
			name = Debug;
		};
		D4D40DD7199FBED90060F812 /* Release */ = {
			isa = XCBuildConfiguration;
			buildSettings = {
				BUNDLE_LOADER = "$(TEST_HOST)";
				COMBINE_HIDPI_IMAGES = YES;
				FRAMEWORK_SEARCH_PATHS = (
					"$(DEVELOPER_FRAMEWORKS_DIR)",
					"$(inherited)",
				);
				INFOPLIST_FILE = "gpx-parserTests/Info.plist";
				LD_RUNPATH_SEARCH_PATHS = "$(inherited) @executable_path/../Frameworks @loader_path/../Frameworks";
				PRODUCT_NAME = "$(TARGET_NAME)";
				TEST_HOST = "$(BUILT_PRODUCTS_DIR)/gpx-parser.app/Contents/MacOS/gpx-parser";
			};
			name = Release;
		};
/* End XCBuildConfiguration section */

/* Begin XCConfigurationList section */
		D4D40DAD199FBED90060F812 /* Build configuration list for PBXProject "gpx-parser" */ = {
			isa = XCConfigurationList;
			buildConfigurations = (
				D4D40DD0199FBED90060F812 /* Debug */,
				D4D40DD1199FBED90060F812 /* Release */,
			);
			defaultConfigurationIsVisible = 0;
			defaultConfigurationName = Release;
		};
		D4D40DD2199FBED90060F812 /* Build configuration list for PBXNativeTarget "gpx-parser" */ = {
			isa = XCConfigurationList;
			buildConfigurations = (
				D4D40DD3199FBED90060F812 /* Debug */,
				D4D40DD4199FBED90060F812 /* Release */,
			);
			defaultConfigurationIsVisible = 0;
			defaultConfigurationName = Release;
		};
		D4D40DD5199FBED90060F812 /* Build configuration list for PBXNativeTarget "gpx-parserTests" */ = {
			isa = XCConfigurationList;
			buildConfigurations = (
				D4D40DD6199FBED90060F812 /* Debug */,
				D4D40DD7199FBED90060F812 /* Release */,
			);
			defaultConfigurationIsVisible = 0;
			defaultConfigurationName = Release;
		};
/* End XCConfigurationList section */
	};
	rootObject = D4D40DAA199FBED90060F812 /* Project object */;
}
